
Microsoft Visual Studio Solution File, Format Version 12.00
# Visual Studio 14
VisualStudioVersion = 14.0.25420.1
MinimumVisualStudioVersion = 10.0.40219.1
Project("{159641D6-6404-4A2A-AE62-294DE0FE8301}") = "ETL-SportTracking", "ETL-SportTracking\ETL-SportTracking.dtproj", "{53A2D1D2-7B23-4C66-AB01-4C6921DE8F06}"
EndProject
Global
	GlobalSection(SolutionConfigurationPlatforms) = preSolution
		Development|Default = Development|Default
	EndGlobalSection
	GlobalSection(ProjectConfigurationPlatforms) = postSolution
		{53A2D1D2-7B23-4C66-AB01-4C6921DE8F06}.Development|Default.ActiveCfg = Development
		{53A2D1D2-7B23-4C66-AB01-4C6921DE8F06}.Development|Default.Build.0 = Development
	EndGlobalSection
	GlobalSection(SolutionProperties) = preSolution
		HideSolutionNode = FALSE
	EndGlobalSection
EndGlobal
